
Microsoft Visual Studio Solution File, Format Version 12.00
# Visual Studio Version 17
VisualStudioVersion = 17.0.31612.314
MinimumVisualStudioVersion = 17.0.31612.314
Project("{2150E333-8FDC-42A3-9474-1A3956D46DE8}") = "Solution Items", "Solution Items", "{5E7D0FEE-F9B4-4F1B-B32B-2E1749B22353}"
	ProjectSection(SolutionItems) = preProject
		.editorconfig = .editorconfig
		.gitattributes = .gitattributes
		.gitignore = .gitignore
		Directory.Build.props = Directory.Build.props
		global.json = global.json
		LICENSE = LICENSE
		nuget.config = nuget.config
		README.md = README.md
		THIRD-PARTY-NOTICES.TXT = THIRD-PARTY-NOTICES.TXT
		Versions.props = Versions.props
	EndProjectSection
EndProject
Project("{2150E333-8FDC-42A3-9474-1A3956D46DE8}") = "media", "media", "{4C8B57DE-0017-4DA4-8F8E-EAE03C3FA5AD}"
	ProjectSection(SolutionItems) = preProject
		media\NerdyDuck.ParameterValidation-64x64.png = media\NerdyDuck.ParameterValidation-64x64.png
		media\NerdyDuck.ParameterValidation.svg = media\NerdyDuck.ParameterValidation.svg
	EndProjectSection
EndProject
Project("{2150E333-8FDC-42A3-9474-1A3956D46DE8}") = "shared", "shared", "{68BC47A2-20B8-454E-963F-B7A7D5344AC4}"
	ProjectSection(SolutionItems) = preProject
		shared\NerdyDuck.ParameterValidation.snk = shared\NerdyDuck.ParameterValidation.snk
	EndProjectSection
EndProject
Project("{2150E333-8FDC-42A3-9474-1A3956D46DE8}") = "src", "src", "{70061BA5-5173-48A6-8D0C-098142608982}"
	ProjectSection(SolutionItems) = preProject
		src\Directory.Build.targets = src\Directory.Build.targets
	EndProjectSection
EndProject
Project("{2150E333-8FDC-42A3-9474-1A3956D46DE8}") = "test", "test", "{47976FAC-8B20-46BD-8A00-0818AF80F9C3}"
	ProjectSection(SolutionItems) = preProject
		test\.editorconfig = test\.editorconfig
		test\Directory.Build.props = test\Directory.Build.props
	EndProjectSection
EndProject
Project("{9A19103F-16F7-4668-BE54-9A1E7A4F7556}") = "ParameterValidation", "src\ParameterValidation.csproj", "{5BC20E49-5B5C-4293-9ABC-CEF1884773FD}"
EndProject
Project("{9A19103F-16F7-4668-BE54-9A1E7A4F7556}") = "Tests.ParameterValidation.Net48", "test\Tests.Net48\Tests.ParameterValidation.Net48.csproj", "{CE080755-8C50-4B3B-A91B-306169E89BAD}"
EndProject
Project("{9A19103F-16F7-4668-BE54-9A1E7A4F7556}") = "Tests.ParameterValidation.Net50", "test\Tests.Net50\Tests.ParameterValidation.Net50.csproj", "{18F2275A-FC26-4895-86CC-B7F1F7A17AF0}"
EndProject
Project("{9A19103F-16F7-4668-BE54-9A1E7A4F7556}") = "Tests.ParameterValidation.Net60", "test\Tests.Net60\Tests.ParameterValidation.Net60.csproj", "{8031D1B1-CF38-4F4F-A762-801A0B1D9AD5}"
EndProject
Project("{9A19103F-16F7-4668-BE54-9A1E7A4F7556}") = "Tests.ParameterValidation.NetCore31", "test\Tests.NetCore31\Tests.ParameterValidation.NetCore31.csproj", "{5A7D4AF3-BAE4-4B3F-94F2-A66FCCA82D0B}"
EndProject
Project("{D954291E-2A0B-460D-934E-DC6B0785DB48}") = "Tests.ParameterValidation", "test\Tests.Shared\Tests.ParameterValidation.shproj", "{45C184D9-2803-411B-AF90-6B4F21518DC9}"
EndProject
Global
	GlobalSection(SharedMSBuildProjectFiles) = preSolution
		test\Tests.Shared\Tests.ParameterValidation.projitems*{18f2275a-fc26-4895-86cc-b7f1f7a17af0}*SharedItemsImports = 5
		test\Tests.Shared\Tests.ParameterValidation.projitems*{45c184d9-2803-411b-af90-6b4f21518dc9}*SharedItemsImports = 13
		test\Tests.Shared\Tests.ParameterValidation.projitems*{5a7d4af3-bae4-4b3f-94f2-a66fcca82d0b}*SharedItemsImports = 5
		test\Tests.Shared\Tests.ParameterValidation.projitems*{8031d1b1-cf38-4f4f-a762-801a0b1d9ad5}*SharedItemsImports = 5
		test\Tests.Shared\Tests.ParameterValidation.projitems*{ce080755-8c50-4b3b-a91b-306169e89bad}*SharedItemsImports = 5
	EndGlobalSection
	GlobalSection(SolutionConfigurationPlatforms) = preSolution
		Debug|Any CPU = Debug|Any CPU
		Release|Any CPU = Release|Any CPU
	EndGlobalSection
	GlobalSection(ProjectConfigurationPlatforms) = postSolution
		{5BC20E49-5B5C-4293-9ABC-CEF1884773FD}.Debug|Any CPU.ActiveCfg = Debug|Any CPU
		{5BC20E49-5B5C-4293-9ABC-CEF1884773FD}.Debug|Any CPU.Build.0 = Debug|Any CPU
		{5BC20E49-5B5C-4293-9ABC-CEF1884773FD}.Release|Any CPU.ActiveCfg = Release|Any CPU
		{5BC20E49-5B5C-4293-9ABC-CEF1884773FD}.Release|Any CPU.Build.0 = Release|Any CPU
		{CE080755-8C50-4B3B-A91B-306169E89BAD}.Debug|Any CPU.ActiveCfg = Debug|Any CPU
		{CE080755-8C50-4B3B-A91B-306169E89BAD}.Debug|Any CPU.Build.0 = Debug|Any CPU
		{CE080755-8C50-4B3B-A91B-306169E89BAD}.Release|Any CPU.ActiveCfg = Release|Any CPU
		{CE080755-8C50-4B3B-A91B-306169E89BAD}.Release|Any CPU.Build.0 = Release|Any CPU
		{18F2275A-FC26-4895-86CC-B7F1F7A17AF0}.Debug|Any CPU.ActiveCfg = Debug|Any CPU
		{18F2275A-FC26-4895-86CC-B7F1F7A17AF0}.Debug|Any CPU.Build.0 = Debug|Any CPU
		{18F2275A-FC26-4895-86CC-B7F1F7A17AF0}.Release|Any CPU.ActiveCfg = Release|Any CPU
		{18F2275A-FC26-4895-86CC-B7F1F7A17AF0}.Release|Any CPU.Build.0 = Release|Any CPU
		{8031D1B1-CF38-4F4F-A762-801A0B1D9AD5}.Debug|Any CPU.ActiveCfg = Debug|Any CPU
		{8031D1B1-CF38-4F4F-A762-801A0B1D9AD5}.Debug|Any CPU.Build.0 = Debug|Any CPU
		{8031D1B1-CF38-4F4F-A762-801A0B1D9AD5}.Release|Any CPU.ActiveCfg = Release|Any CPU
		{8031D1B1-CF38-4F4F-A762-801A0B1D9AD5}.Release|Any CPU.Build.0 = Release|Any CPU
		{5A7D4AF3-BAE4-4B3F-94F2-A66FCCA82D0B}.Debug|Any CPU.ActiveCfg = Debug|Any CPU
		{5A7D4AF3-BAE4-4B3F-94F2-A66FCCA82D0B}.Debug|Any CPU.Build.0 = Debug|Any CPU
		{5A7D4AF3-BAE4-4B3F-94F2-A66FCCA82D0B}.Release|Any CPU.ActiveCfg = Release|Any CPU
		{5A7D4AF3-BAE4-4B3F-94F2-A66FCCA82D0B}.Release|Any CPU.Build.0 = Release|Any CPU
	EndGlobalSection
	GlobalSection(SolutionProperties) = preSolution
		HideSolutionNode = FALSE
	EndGlobalSection
	GlobalSection(NestedProjects) = preSolution
		{5BC20E49-5B5C-4293-9ABC-CEF1884773FD} = {70061BA5-5173-48A6-8D0C-098142608982}
		{CE080755-8C50-4B3B-A91B-306169E89BAD} = {47976FAC-8B20-46BD-8A00-0818AF80F9C3}
		{18F2275A-FC26-4895-86CC-B7F1F7A17AF0} = {47976FAC-8B20-46BD-8A00-0818AF80F9C3}
		{8031D1B1-CF38-4F4F-A762-801A0B1D9AD5} = {47976FAC-8B20-46BD-8A00-0818AF80F9C3}
		{5A7D4AF3-BAE4-4B3F-94F2-A66FCCA82D0B} = {47976FAC-8B20-46BD-8A00-0818AF80F9C3}
		{45C184D9-2803-411B-AF90-6B4F21518DC9} = {47976FAC-8B20-46BD-8A00-0818AF80F9C3}
	EndGlobalSection
	GlobalSection(ExtensibilityGlobals) = postSolution
		SolutionGuid = {D155BBF4-BC95-4D08-BF67-0CF027D967F4}
	EndGlobalSection
EndGlobal
